
Microsoft Visual Studio Solution File, Format Version 12.00
# Visual Studio Version 17
VisualStudioVersion = 17.4.33103.184
MinimumVisualStudioVersion = 10.0.40219.1
Project("{FAE04EC0-301F-11D3-BF4B-00C04F79EFBC}") = "setul_3", "setul_3.csproj", "{066F6A68-520D-49BC-AEBA-8D2394B073D3}"
EndProject
Global
	GlobalSection(SolutionConfigurationPlatforms) = preSolution
		Debug|Any CPU = Debug|Any CPU
		Release|Any CPU = Release|Any CPU
	EndGlobalSection
	GlobalSection(ProjectConfigurationPlatforms) = postSolution
		{066F6A68-520D-49BC-AEBA-8D2394B073D3}.Debug|Any CPU.ActiveCfg = Debug|Any CPU
		{066F6A68-520D-49BC-AEBA-8D2394B073D3}.Debug|Any CPU.Build.0 = Debug|Any CPU
		{066F6A68-520D-49BC-AEBA-8D2394B073D3}.Release|Any CPU.ActiveCfg = Release|Any CPU
		{066F6A68-520D-49BC-AEBA-8D2394B073D3}.Release|Any CPU.Build.0 = Release|Any CPU
	EndGlobalSection
	GlobalSection(SolutionProperties) = preSolution
		HideSolutionNode = FALSE
	EndGlobalSection
	GlobalSection(ExtensibilityGlobals) = postSolution
		SolutionGuid = {8693D08F-6B96-4951-8AE2-9D3E9081A553}
	EndGlobalSection
EndGlobal
